
Microsoft Visual Studio Solution File, Format Version 12.00
# Visual Studio 15
VisualStudioVersion = 15.0.26403.7
MinimumVisualStudioVersion = 10.0.40219.1
Project("{FAE04EC0-301F-11D3-BF4B-00C04F79EFBC}") = "LR1", "LR1\LR1.csproj", "{62364B60-339D-4361-B972-51CD9D934D9A}"
EndProject
Project("{FAE04EC0-301F-11D3-BF4B-00C04F79EFBC}") = "Ant Colony TSP", "Ant Colony TSP\Ant Colony TSP.csproj", "{A6B6E721-3283-47B3-8D6B-5AE93E2A27C5}"
EndProject
Global
	GlobalSection(SolutionConfigurationPlatforms) = preSolution
		Debug|Any CPU = Debug|Any CPU
		Release|Any CPU = Release|Any CPU
	EndGlobalSection
	GlobalSection(ProjectConfigurationPlatforms) = postSolution
		{62364B60-339D-4361-B972-51CD9D934D9A}.Debug|Any CPU.ActiveCfg = Debug|Any CPU
		{62364B60-339D-4361-B972-51CD9D934D9A}.Debug|Any CPU.Build.0 = Debug|Any CPU
		{62364B60-339D-4361-B972-51CD9D934D9A}.Release|Any CPU.ActiveCfg = Release|Any CPU
		{62364B60-339D-4361-B972-51CD9D934D9A}.Release|Any CPU.Build.0 = Release|Any CPU
		{A6B6E721-3283-47B3-8D6B-5AE93E2A27C5}.Debug|Any CPU.ActiveCfg = Debug|Any CPU
		{A6B6E721-3283-47B3-8D6B-5AE93E2A27C5}.Debug|Any CPU.Build.0 = Debug|Any CPU
		{A6B6E721-3283-47B3-8D6B-5AE93E2A27C5}.Release|Any CPU.ActiveCfg = Release|Any CPU
		{A6B6E721-3283-47B3-8D6B-5AE93E2A27C5}.Release|Any CPU.Build.0 = Release|Any CPU
	EndGlobalSection
	GlobalSection(SolutionProperties) = preSolution
		HideSolutionNode = FALSE
	EndGlobalSection
	GlobalSection(ExtensibilityGlobals) = postSolution
		SolutionGuid = {057E8069-51E3-4307-9070-8640C5EABA06}
	EndGlobalSection
EndGlobal
